PODS:
  - Alamofire (5.4.3)
  - AlamofireNetworkActivityIndicator (3.1.0):
    - Alamofire (~> 5.1)

DEPENDENCIES:
  - Alamofire (~> 5.2)
  - AlamofireNetworkActivityIndicator (~> 3.1)

SPEC REPOS:
  trunk:
    - Alamofire
    - AlamofireNetworkActivityIndicator

SPEC CHECKSUMS:
  Alamofire: e447a2774a40c996748296fa2c55112fdbbc42f9
  AlamofireNetworkActivityIndicator: 6564782bd7b9e6c430ae67d9277af01907b01ca4

PODFILE CHECKSUM: 616ce2b6338b49ce57ffd8a1e5882f703b7ed8d8

COCOAPODS: 1.10.1
